{
  "version": 1,
  "dependencies": {
    "net10.0-windows7.0": {
      "LibGit2Sharp": {
        "type": "Direct",
        "requested": "[0.31.0, )",
        "resolved": "0.31.0",
        "contentHash": "b3+UfV7LjKMjAHWwl7VawejiOv2gJIC6dTCA/S0puLTHACAA/Oeb5JJmWUQMeyH/T/WR/LaIK8bk2RbdFnrZvg==",
        "dependencies": {
          "LibGit2Sharp.NativeBinaries": "[2.0.323]"
        }
      },
      "Microsoft.NET.ILLink.Tasks": {
        "type": "Direct",
        "requested": "[10.0.12, )",
        "resolved": "10.0.12",
        "contentHash": "xi+BDjFpW+Sb+MHFHaH6Y/gV9I8BluFwRXc1QyCdoZbIK26eNiBeFuMTe/FMwc33G1wdHCyDg7CVTmb8OdQrMQ=="
      },
      "System.Security.Cryptography.ProtectedData": {
        "type": "Direct",
        "requested": "[10.0.12, )",
        "resolved": "10.0.12",
        "contentHash": "wO0W8VDMeRJZakRySOmemAnrBZMwEFRlbfBtATxUiLf2I3IhSRnCp1Vt157NWptdE4IJ7eftd5n8q9LtaKHFTQ=="
      },
      "System.ServiceProcess.ServiceController": {
        "type": "Direct",
        "requested": "[10.0.12, )",
        "resolved": "10.0.12",
        "contentHash": "sFV+RM/yPtshiCAEIuTm8Dt4F7VuKRbL50PnGC9nXHolk/jw+z3T8zx7axKTBC8mqtQU2ZmjsoPC9b1iwOilNQ==",
        "dependencies": {
          "System.Diagnostics.EventLog": "10.0.12"
        }
      },
      "LibGit2Sharp.NativeBinaries": {
        "type": "Transitive",
        "resolved": "2.0.323",
        "contentHash": "Kg+fJGWhGj5qRXG0Ilj4ddhuodGXZg57yhfX6OVUDR0M2DKg/UR42/d74+qv5l1qotc1qJilo/ho7xQnULP6yA=="
      },
      "System.Diagnostics.EventLog": {
        "type": "Transitive",
        "resolved": "10.0.12",
        "contentHash": "sOZM+VyRj1pg/ItlHsvrSbjws6oGqZveTzTNBGZ9ziwRDyKsOF3ub6vhvOdxotCIqtlnyHAIwP5sLNvgiZC+pQ=="
      }
    },
    "net10.0-windows7.0/win-x64": {
      "System.ServiceProcess.ServiceController": {
        "type": "Direct",
        "requested": "[10.0.12, )",
        "resolved": "10.0.12",
        "contentHash": "sFV+RM/yPtshiCAEIuTm8Dt4F7VuKRbL50PnGC9nXHolk/jw+z3T8zx7axKTBC8mqtQU2ZmjsoPC9b1iwOilNQ==",
        "dependencies": {
          "System.Diagnostics.EventLog": "10.0.12"
        }
      },
      "LibGit2Sharp.NativeBinaries": {
        "type": "Transitive",
        "resolved": "2.0.323",
        "contentHash": "Kg+fJGWhGj5qRXG0Ilj4ddhuodGXZg57yhfX6OVUDR0M2DKg/UR42/d74+qv5l1qotc1qJilo/ho7xQnULP6yA=="
      },
      "System.Diagnostics.EventLog": {
        "type": "Transitive",
        "resolved": "10.0.12",
        "contentHash": "sOZM+VyRj1pg/ItlHsvrSbjws6oGqZveTzTNBGZ9ziwRDyKsOF3ub6vhvOdxotCIqtlnyHAIwP5sLNvgiZC+pQ=="
      }
    }
  }
}